
Microsoft Visual Studio Solution File, Format Version 12.00
# Visual Studio Version 18
VisualStudioVersion = 18.3.11512.155
MinimumVisualStudioVersion = 10.0.40219.1
Project("{2150E333-8FDC-42A3-9474-1A3956D46DE8}") = "src", "src", "{827E0CD3-B72D-47B6-A68D-7590B98EB39B}"
EndProject
Project("{2150E333-8FDC-42A3-9474-1A3956D46DE8}") = "Infrastructure", "Infrastructure", "{9048EB7F-3875-A59E-E36B-5BD4C6F2A282}"
EndProject
Project("{2150E333-8FDC-42A3-9474-1A3956D46DE8}") = "Application", "Application", "{22BAF98C-8415-17C4-B26A-D537657BC863}"
EndProject
Project("{2150E333-8FDC-42A3-9474-1A3956D46DE8}") = "Domain", "Domain", "{8B290487-4C16-E85E-E807-F579CBE9FC4D}"
EndProject
Project("{FAE04EC0-301F-11D3-BF4B-00C04F79EFBC}") = "Ordina.Domain", "src\Domain\Ordina.Domain.csproj", "{258D1DDE-8D2D-43D7-B0EA-634CEA25B68A}"
EndProject
Project("{FAE04EC0-301F-11D3-BF4B-00C04F79EFBC}") = "Ordina.Application", "src\Application\Ordina.Application.csproj", "{BA23E948-D902-4AE7-8052-A5FB3F50768A}"
EndProject
Project("{FAE04EC0-301F-11D3-BF4B-00C04F79EFBC}") = "Ordina.Infrastructure", "src\Infrastructure\Ordina.Infrastructure.csproj", "{BBEFCA15-551E-4AFA-9E63-8229FB2E64E3}"
EndProject
Project("{2150E333-8FDC-42A3-9474-1A3956D46DE8}") = "Api", "Api", "{81034408-37C8-1011-444E-4C15C2FADA8E}"
EndProject
Project("{FAE04EC0-301F-11D3-BF4B-00C04F79EFBC}") = "Ordina.Api", "src\Api\Ordina.Api.csproj", "{2FB6BB55-64D4-46AD-8770-C1C77A23E13B}"
EndProject
Project("{2150E333-8FDC-42A3-9474-1A3956D46DE8}") = "tests", "tests", "{0AB3BF05-4346-4AA6-1389-037BE0695223}"
EndProject
Project("{FAE04EC0-301F-11D3-BF4B-00C04F79EFBC}") = "Ordina.Application.Tests", "tests\Ordina.Application.Tests\Ordina.Application.Tests.csproj", "{AE2FF536-7D99-4991-83BB-34723C54A32A}"
EndProject
Project("{FAE04EC0-301F-11D3-BF4B-00C04F79EFBC}") = "Ordina.Api.Tests", "tests\Ordina.Api.Tests\Ordina.Api.Tests.csproj", "{D908CEE2-40CF-42B2-8C9B-844E19ECF909}"
EndProject
Project("{FAE04EC0-301F-11D3-BF4B-00C04F79EFBC}") = "Ordina.AppHost", "..\Ordina.AppHost\Ordina.AppHost.csproj", "{5E763BC8-912A-417A-BE19-1BE85F6392D1}"
EndProject
Global
	GlobalSection(SolutionConfigurationPlatforms) = preSolution
		Debug|Any CPU = Debug|Any CPU
		Debug|x64 = Debug|x64
		Debug|x86 = Debug|x86
		Release|Any CPU = Release|Any CPU
		Release|x64 = Release|x64
		Release|x86 = Release|x86
	EndGlobalSection
	GlobalSection(ProjectConfigurationPlatforms) = postSolution
		{258D1DDE-8D2D-43D7-B0EA-634CEA25B68A}.Debug|Any CPU.ActiveCfg = Debug|Any CPU
		{258D1DDE-8D2D-43D7-B0EA-634CEA25B68A}.Debug|Any CPU.Build.0 = Debug|Any CPU
		{258D1DDE-8D2D-43D7-B0EA-634CEA25B68A}.Debug|x64.ActiveCfg = Debug|Any CPU
		{258D1DDE-8D2D-43D7-B0EA-634CEA25B68A}.Debug|x64.Build.0 = Debug|Any CPU
		{258D1DDE-8D2D-43D7-B0EA-634CEA25B68A}.Debug|x86.ActiveCfg = Debug|Any CPU
		{258D1DDE-8D2D-43D7-B0EA-634CEA25B68A}.Debug|x86.Build.0 = Debug|Any CPU
		{258D1DDE-8D2D-43D7-B0EA-634CEA25B68A}.Release|Any CPU.ActiveCfg = Release|Any CPU
		{258D1DDE-8D2D-43D7-B0EA-634CEA25B68A}.Release|Any CPU.Build.0 = Release|Any CPU
		{258D1DDE-8D2D-43D7-B0EA-634CEA25B68A}.Release|x64.ActiveCfg = Release|Any CPU
		{258D1DDE-8D2D-43D7-B0EA-634CEA25B68A}.Release|x64.Build.0 = Release|Any CPU
		{258D1DDE-8D2D-43D7-B0EA-634CEA25B68A}.Release|x86.ActiveCfg = Release|Any CPU
		{258D1DDE-8D2D-43D7-B0EA-634CEA25B68A}.Release|x86.Build.0 = Release|Any CPU
		{BA23E948-D902-4AE7-8052-A5FB3F50768A}.Debug|Any CPU.ActiveCfg = Debug|Any CPU
		{BA23E948-D902-4AE7-8052-A5FB3F50768A}.Debug|Any CPU.Build.0 = Debug|Any CPU
		{BA23E948-D902-4AE7-8052-A5FB3F50768A}.Debug|x64.ActiveCfg = Debug|Any CPU
		{BA23E948-D902-4AE7-8052-A5FB3F50768A}.Debug|x64.Build.0 = Debug|Any CPU
		{BA23E948-D902-4AE7-8052-A5FB3F50768A}.Debug|x86.ActiveCfg = Debug|Any CPU
		{BA23E948-D902-4AE7-8052-A5FB3F50768A}.Debug|x86.Build.0 = Debug|Any CPU
		{BA23E948-D902-4AE7-8052-A5FB3F50768A}.Release|Any CPU.ActiveCfg = Release|Any CPU
		{BA23E948-D902-4AE7-8052-A5FB3F50768A}.Release|Any CPU.Build.0 = Release|Any CPU
		{BA23E948-D902-4AE7-8052-A5FB3F50768A}.Release|x64.ActiveCfg = Release|Any CPU
		{BA23E948-D902-4AE7-8052-A5FB3F50768A}.Release|x64.Build.0 = Release|Any CPU
		{BA23E948-D902-4AE7-8052-A5FB3F50768A}.Release|x86.ActiveCfg = Release|Any CPU
		{BA23E948-D902-4AE7-8052-A5FB3F50768A}.Release|x86.Build.0 = Release|Any CPU
		{BBEFCA15-551E-4AFA-9E63-8229FB2E64E3}.Debug|Any CPU.ActiveCfg = Debug|Any CPU
		{BBEFCA15-551E-4AFA-9E63-8229FB2E64E3}.Debug|Any CPU.Build.0 = Debug|Any CPU
		{BBEFCA15-551E-4AFA-9E63-8229FB2E64E3}.Debug|x64.ActiveCfg = Debug|Any CPU
		{BBEFCA15-551E-4AFA-9E63-8229FB2E64E3}.Debug|x64.Build.0 = Debug|Any CPU
		{BBEFCA15-551E-4AFA-9E63-8229FB2E64E3}.Debug|x86.ActiveCfg = Debug|Any CPU
		{BBEFCA15-551E-4AFA-9E63-8229FB2E64E3}.Debug|x86.Build.0 = Debug|Any CPU
		{BBEFCA15-551E-4AFA-9E63-8229FB2E64E3}.Release|Any CPU.ActiveCfg = Release|Any CPU
		{BBEFCA15-551E-4AFA-9E63-8229FB2E64E3}.Release|Any CPU.Build.0 = Release|Any CPU
		{BBEFCA15-551E-4AFA-9E63-8229FB2E64E3}.Release|x64.ActiveCfg = Release|Any CPU
		{BBEFCA15-551E-4AFA-9E63-8229FB2E64E3}.Release|x64.Build.0 = Release|Any CPU
		{BBEFCA15-551E-4AFA-9E63-8229FB2E64E3}.Release|x86.ActiveCfg = Release|Any CPU
		{BBEFCA15-551E-4AFA-9E63-8229FB2E64E3}.Release|x86.Build.0 = Release|Any CPU
		{2FB6BB55-64D4-46AD-8770-C1C77A23E13B}.Debug|Any CPU.ActiveCfg = Debug|Any CPU
		{2FB6BB55-64D4-46AD-8770-C1C77A23E13B}.Debug|Any CPU.Build.0 = Debug|Any CPU
		{2FB6BB55-64D4-46AD-8770-C1C77A23E13B}.Debug|x64.ActiveCfg = Debug|Any CPU
		{2FB6BB55-64D4-46AD-8770-C1C77A23E13B}.Debug|x64.Build.0 = Debug|Any CPU
		{2FB6BB55-64D4-46AD-8770-C1C77A23E13B}.Debug|x86.ActiveCfg = Debug|Any CPU
		{2FB6BB55-64D4-46AD-8770-C1C77A23E13B}.Debug|x86.Build.0 = Debug|Any CPU
		{2FB6BB55-64D4-46AD-8770-C1C77A23E13B}.Release|Any CPU.ActiveCfg = Release|Any CPU
		{2FB6BB55-64D4-46AD-8770-C1C77A23E13B}.Release|Any CPU.Build.0 = Release|Any CPU
		{2FB6BB55-64D4-46AD-8770-C1C77A23E13B}.Release|x64.ActiveCfg = Release|Any CPU
		{2FB6BB55-64D4-46AD-8770-C1C77A23E13B}.Release|x64.Build.0 = Release|Any CPU
		{2FB6BB55-64D4-46AD-8770-C1C77A23E13B}.Release|x86.ActiveCfg = Release|Any CPU
		{2FB6BB55-64D4-46AD-8770-C1C77A23E13B}.Release|x86.Build.0 = Release|Any CPU
		{AE2FF536-7D99-4991-83BB-34723C54A32A}.Debug|Any CPU.ActiveCfg = Debug|Any CPU
		{AE2FF536-7D99-4991-83BB-34723C54A32A}.Debug|Any CPU.Build.0 = Debug|Any CPU
		{AE2FF536-7D99-4991-83BB-34723C54A32A}.Debug|x64.ActiveCfg = Debug|Any CPU
		{AE2FF536-7D99-4991-83BB-34723C54A32A}.Debug|x64.Build.0 = Debug|Any CPU
		{AE2FF536-7D99-4991-83BB-34723C54A32A}.Debug|x86.ActiveCfg = Debug|Any CPU
		{AE2FF536-7D99-4991-83BB-34723C54A32A}.Debug|x86.Build.0 = Debug|Any CPU
		{AE2FF536-7D99-4991-83BB-34723C54A32A}.Release|Any CPU.ActiveCfg = Release|Any CPU
		{AE2FF536-7D99-4991-83BB-34723C54A32A}.Release|Any CPU.Build.0 = Release|Any CPU
		{AE2FF536-7D99-4991-83BB-34723C54A32A}.Release|x64.ActiveCfg = Release|Any CPU
		{AE2FF536-7D99-4991-83BB-34723C54A32A}.Release|x64.Build.0 = Release|Any CPU
		{AE2FF536-7D99-4991-83BB-34723C54A32A}.Release|x86.ActiveCfg = Release|Any CPU
		{AE2FF536-7D99-4991-83BB-34723C54A32A}.Release|x86.Build.0 = Release|Any CPU
		{D908CEE2-40CF-42B2-8C9B-844E19ECF909}.Debug|Any CPU.ActiveCfg = Debug|Any CPU
		{D908CEE2-40CF-42B2-8C9B-844E19ECF909}.Debug|Any CPU.Build.0 = Debug|Any CPU
		{D908CEE2-40CF-42B2-8C9B-844E19ECF909}.Debug|x64.ActiveCfg = Debug|Any CPU
		{D908CEE2-40CF-42B2-8C9B-844E19ECF909}.Debug|x64.Build.0 = Debug|Any CPU
		{D908CEE2-40CF-42B2-8C9B-844E19ECF909}.Debug|x86.ActiveCfg = Debug|Any CPU
		{D908CEE2-40CF-42B2-8C9B-844E19ECF909}.Debug|x86.Build.0 = Debug|Any CPU
		{D908CEE2-40CF-42B2-8C9B-844E19ECF909}.Release|Any CPU.ActiveCfg = Release|Any CPU
		{D908CEE2-40CF-42B2-8C9B-844E19ECF909}.Release|Any CPU.Build.0 = Release|Any CPU
		{D908CEE2-40CF-42B2-8C9B-844E19ECF909}.Release|x64.ActiveCfg = Release|Any CPU
		{D908CEE2-40CF-42B2-8C9B-844E19ECF909}.Release|x64.Build.0 = Release|Any CPU
		{D908CEE2-40CF-42B2-8C9B-844E19ECF909}.Release|x86.ActiveCfg = Release|Any CPU
		{D908CEE2-40CF-42B2-8C9B-844E19ECF909}.Release|x86.Build.0 = Release|Any CPU
		{5E763BC8-912A-417A-BE19-1BE85F6392D1}.Debug|Any CPU.ActiveCfg = Debug|Any CPU
		{5E763BC8-912A-417A-BE19-1BE85F6392D1}.Debug|Any CPU.Build.0 = Debug|Any CPU
		{5E763BC8-912A-417A-BE19-1BE85F6392D1}.Debug|x64.ActiveCfg = Debug|Any CPU
		{5E763BC8-912A-417A-BE19-1BE85F6392D1}.Debug|x64.Build.0 = Debug|Any CPU
		{5E763BC8-912A-417A-BE19-1BE85F6392D1}.Debug|x86.ActiveCfg = Debug|Any CPU
		{5E763BC8-912A-417A-BE19-1BE85F6392D1}.Debug|x86.Build.0 = Debug|Any CPU
		{5E763BC8-912A-417A-BE19-1BE85F6392D1}.Release|Any CPU.ActiveCfg = Release|Any CPU
		{5E763BC8-912A-417A-BE19-1BE85F6392D1}.Release|Any CPU.Build.0 = Release|Any CPU
		{5E763BC8-912A-417A-BE19-1BE85F6392D1}.Release|x64.ActiveCfg = Release|Any CPU
		{5E763BC8-912A-417A-BE19-1BE85F6392D1}.Release|x64.Build.0 = Release|Any CPU
		{5E763BC8-912A-417A-BE19-1BE85F6392D1}.Release|x86.ActiveCfg = Release|Any CPU
		{5E763BC8-912A-417A-BE19-1BE85F6392D1}.Release|x86.Build.0 = Release|Any CPU
	EndGlobalSection
	GlobalSection(SolutionProperties) = preSolution
		HideSolutionNode = FALSE
	EndGlobalSection
	GlobalSection(NestedProjects) = preSolution
		{9048EB7F-3875-A59E-E36B-5BD4C6F2A282} = {827E0CD3-B72D-47B6-A68D-7590B98EB39B}
		{22BAF98C-8415-17C4-B26A-D537657BC863} = {827E0CD3-B72D-47B6-A68D-7590B98EB39B}
		{8B290487-4C16-E85E-E807-F579CBE9FC4D} = {827E0CD3-B72D-47B6-A68D-7590B98EB39B}
		{258D1DDE-8D2D-43D7-B0EA-634CEA25B68A} = {8B290487-4C16-E85E-E807-F579CBE9FC4D}
		{BA23E948-D902-4AE7-8052-A5FB3F50768A} = {22BAF98C-8415-17C4-B26A-D537657BC863}
		{BBEFCA15-551E-4AFA-9E63-8229FB2E64E3} = {9048EB7F-3875-A59E-E36B-5BD4C6F2A282}
		{81034408-37C8-1011-444E-4C15C2FADA8E} = {827E0CD3-B72D-47B6-A68D-7590B98EB39B}
		{2FB6BB55-64D4-46AD-8770-C1C77A23E13B} = {81034408-37C8-1011-444E-4C15C2FADA8E}
		{AE2FF536-7D99-4991-83BB-34723C54A32A} = {0AB3BF05-4346-4AA6-1389-037BE0695223}
		{D908CEE2-40CF-42B2-8C9B-844E19ECF909} = {0AB3BF05-4346-4AA6-1389-037BE0695223}
	EndGlobalSection
	GlobalSection(ExtensibilityGlobals) = postSolution
		SolutionGuid = {8FDB425E-25B0-4711-8276-68E8770AD15F}
	EndGlobalSection
EndGlobal
