
Microsoft Visual Studio Solution File, Format Version 12.00
# Visual Studio Version 17
VisualStudioVersion = 17.0.31903.59
MinimumVisualStudioVersion = 10.0.40219.1
Project("{2150E333-8FDC-42A3-9474-1A3956D46DE8}") = "src", "src", "{827E0CD3-B72D-47B6-A68D-7590B98EB39B}"
EndProject
Project("{2150E333-8FDC-42A3-9474-1A3956D46DE8}") = "Presentation", "Presentation", "{6996BBF7-DB31-59BC-C7DD-9A7CCC6138C4}"
EndProject
Project("{FAE04EC0-301F-11D3-BF4B-00C04F79EFBC}") = "Ordina.ApiGateway", "src\Presentation\Ordina.ApiGateway\Ordina.ApiGateway.csproj", "{C5C30613-905E-4965-8038-1E21257057F0}"
EndProject
Project("{FAE04EC0-301F-11D3-BF4B-00C04F79EFBC}") = "Ordina.AppHost", "src\Presentation\Ordina.AppHost\Ordina.AppHost.csproj", "{A558BCE7-7070-4A19-8680-713D0FA687A6}"
EndProject
Project("{2150E333-8FDC-42A3-9474-1A3956D46DE8}") = "Infrastructure", "Infrastructure", "{9048EB7F-3875-A59E-E36B-5BD4C6F2A282}"
EndProject
Project("{FAE04EC0-301F-11D3-BF4B-00C04F79EFBC}") = "Ordina.ServiceDefaults", "src\Infrastructure\Ordina.ServiceDefaults\Ordina.ServiceDefaults.csproj", "{385E1AEF-EBF8-4288-AC85-89E3938A7C3E}"
EndProject
Project("{FAE04EC0-301F-11D3-BF4B-00C04F79EFBC}") = "Ordina.Database", "src\Infrastructure\Ordina.Database\Ordina.Database.csproj", "{3AC0E390-A08F-4AEC-9E17-FBA8B450AA21}"
EndProject
Project("{2150E333-8FDC-42A3-9474-1A3956D46DE8}") = "Application", "Application", "{22BAF98C-8415-17C4-B26A-D537657BC863}"
EndProject
Project("{2150E333-8FDC-42A3-9474-1A3956D46DE8}") = "Security", "Security", "{CCC32B53-56B0-D0E8-BEB1-6CFD9EF174C7}"
EndProject
Project("{FAE04EC0-301F-11D3-BF4B-00C04F79EFBC}") = "Ordina.Security.Api", "src\Application\Security\Ordina.Security.Api\Ordina.Security.Api.csproj", "{6145FB14-FB88-4C46-B73F-EDAF3218D3D4}"
EndProject
Project("{FAE04EC0-301F-11D3-BF4B-00C04F79EFBC}") = "Ordina.Security.Domain", "src\Application\Security\Ordina.Security.Domain\Ordina.Security.Domain.csproj", "{CA37D894-A263-48AF-AB7A-875FC62ADB67}"
EndProject
Project("{FAE04EC0-301F-11D3-BF4B-00C04F79EFBC}") = "Ordina.Security.Application", "src\Application\Security\Ordina.Security.Application\Ordina.Security.Application.csproj", "{592DBA53-6ED5-4491-8186-B381F0D12441}"
EndProject
Project("{2150E333-8FDC-42A3-9474-1A3956D46DE8}") = "Users", "Users", "{65B40B3A-E70C-D0B5-9CB0-DC7A114C2068}"
EndProject
Project("{FAE04EC0-301F-11D3-BF4B-00C04F79EFBC}") = "Ordina.Users.Api", "src\Application\Users\Ordina.Users.Api\Ordina.Users.Api.csproj", "{EB9E6DE4-C963-4A0D-84F8-B7CE271FB4C3}"
EndProject
Project("{FAE04EC0-301F-11D3-BF4B-00C04F79EFBC}") = "Ordina.Users.Domain", "src\Application\Users\Ordina.Users.Domain\Ordina.Users.Domain.csproj", "{F551D65B-92CB-40EE-9E03-7103E811459B}"
EndProject
Project("{FAE04EC0-301F-11D3-BF4B-00C04F79EFBC}") = "Ordina.Users.Application", "src\Application\Users\Ordina.Users.Application\Ordina.Users.Application.csproj", "{6C805DD2-4047-4827-AB59-B0A5ED9B017F}"
EndProject
Project("{2150E333-8FDC-42A3-9474-1A3956D46DE8}") = "Providers", "Providers", "{24F8E7B8-05E5-7911-3317-A2251ECA665B}"
EndProject
Project("{FAE04EC0-301F-11D3-BF4B-00C04F79EFBC}") = "Ordina.Providers.Api", "src\Application\Providers\Ordina.Providers.Api\Ordina.Providers.Api.csproj", "{64D57E49-E29E-46A4-99BB-596C465DDC3A}"
EndProject
Project("{FAE04EC0-301F-11D3-BF4B-00C04F79EFBC}") = "Ordina.Providers.Domain", "src\Application\Providers\Ordina.Providers.Domain\Ordina.Providers.Domain.csproj", "{0B9F1A9B-8C99-4A55-9848-8E5FB8C9C6C6}"
EndProject
Project("{FAE04EC0-301F-11D3-BF4B-00C04F79EFBC}") = "Ordina.Providers.Application", "src\Application\Providers\Ordina.Providers.Application\Ordina.Providers.Application.csproj", "{00ECAFDD-F6F3-474D-B08B-71768D32FA77}"
EndProject
Project("{2150E333-8FDC-42A3-9474-1A3956D46DE8}") = "Orders", "Orders", "{D3536261-0C3C-90BF-C85D-A81C1724CE3A}"
EndProject
Project("{FAE04EC0-301F-11D3-BF4B-00C04F79EFBC}") = "Ordina.Orders.Api", "src\Application\Orders\Ordina.Orders.Api\Ordina.Orders.Api.csproj", "{292AB63F-7058-48CE-BF14-50CA90086D1C}"
EndProject
Project("{FAE04EC0-301F-11D3-BF4B-00C04F79EFBC}") = "Ordina.Orders.Domain", "src\Application\Orders\Ordina.Orders.Domain\Ordina.Orders.Domain.csproj", "{0805C162-69F5-4403-8845-A9184552FB88}"
EndProject
Project("{FAE04EC0-301F-11D3-BF4B-00C04F79EFBC}") = "Ordina.Orders.Application", "src\Application\Orders\Ordina.Orders.Application\Ordina.Orders.Application.csproj", "{B89644B8-85BC-423E-85AD-F403F4B9FBB6}"
EndProject
Project("{2150E333-8FDC-42A3-9474-1A3956D46DE8}") = "Payments", "Payments", "{B67E83B4-B4F5-EFEF-6F8D-03B1A78592C5}"
EndProject
Project("{FAE04EC0-301F-11D3-BF4B-00C04F79EFBC}") = "Ordina.Payments.Api", "src\Application\Payments\Ordina.Payments.Api\Ordina.Payments.Api.csproj", "{0ECD20DE-62BE-4F47-9AB6-81664C1545C7}"
EndProject
Project("{FAE04EC0-301F-11D3-BF4B-00C04F79EFBC}") = "Ordina.Payments.Domain", "src\Application\Payments\Ordina.Payments.Domain\Ordina.Payments.Domain.csproj", "{B30C42C7-0570-48BA-B764-08AC764F1B9B}"
EndProject
Project("{FAE04EC0-301F-11D3-BF4B-00C04F79EFBC}") = "Ordina.Payments.Application", "src\Application\Payments\Ordina.Payments.Application\Ordina.Payments.Application.csproj", "{167ABD95-CBB8-488A-97DD-328BE6BA91F5}"
EndProject
Project("{2150E333-8FDC-42A3-9474-1A3956D46DE8}") = "Stores", "Stores", "{A1B2C3D4-E5F6-7890-ABCD-EF1234567890}"
EndProject
Project("{FAE04EC0-301F-11D3-BF4B-00C04F79EFBC}") = "Ordina.Stores.Api", "src\Application\Stores\Ordina.Stores.Api\Ordina.Stores.Api.csproj", "{B2C3D4E5-F6A7-8901-BCDE-F23456789012}"
EndProject
Project("{FAE04EC0-301F-11D3-BF4B-00C04F79EFBC}") = "Ordina.Stores.Domain", "src\Application\Stores\Ordina.Stores.Domain\Ordina.Stores.Domain.csproj", "{C3D4E5F6-A7B8-9012-CDEF-345678901234}"
EndProject
Project("{FAE04EC0-301F-11D3-BF4B-00C04F79EFBC}") = "Ordina.Stores.Application", "src\Application\Stores\Ordina.Stores.Application\Ordina.Stores.Application.csproj", "{D4E5F6A7-B8C9-0123-DEF0-456789012345}"
EndProject
Project("{FAE04EC0-301F-11D3-BF4B-00C04F79EFBC}") = "Ordina.Stores.Infrastructure", "src\Application\Stores\Ordina.Stores.Infrastructure\Ordina.Stores.Infrastructure.csproj", "{E5F6A7B8-C9D0-1234-EF01-567890123456}"
EndProject
Global
	GlobalSection(SolutionConfigurationPlatforms) = preSolution
		Debug|Any CPU = Debug|Any CPU
		Debug|x64 = Debug|x64
		Debug|x86 = Debug|x86
		Release|Any CPU = Release|Any CPU
		Release|x64 = Release|x64
		Release|x86 = Release|x86
	EndGlobalSection
	GlobalSection(ProjectConfigurationPlatforms) = postSolution
		{C5C30613-905E-4965-8038-1E21257057F0}.Debug|Any CPU.ActiveCfg = Debug|Any CPU
		{C5C30613-905E-4965-8038-1E21257057F0}.Debug|Any CPU.Build.0 = Debug|Any CPU
		{C5C30613-905E-4965-8038-1E21257057F0}.Debug|x64.ActiveCfg = Debug|Any CPU
		{C5C30613-905E-4965-8038-1E21257057F0}.Debug|x64.Build.0 = Debug|Any CPU
		{C5C30613-905E-4965-8038-1E21257057F0}.Debug|x86.ActiveCfg = Debug|Any CPU
		{C5C30613-905E-4965-8038-1E21257057F0}.Debug|x86.Build.0 = Debug|Any CPU
		{C5C30613-905E-4965-8038-1E21257057F0}.Release|Any CPU.ActiveCfg = Release|Any CPU
		{C5C30613-905E-4965-8038-1E21257057F0}.Release|Any CPU.Build.0 = Release|Any CPU
		{C5C30613-905E-4965-8038-1E21257057F0}.Release|x64.ActiveCfg = Release|Any CPU
		{C5C30613-905E-4965-8038-1E21257057F0}.Release|x64.Build.0 = Release|Any CPU
		{C5C30613-905E-4965-8038-1E21257057F0}.Release|x86.ActiveCfg = Release|Any CPU
		{C5C30613-905E-4965-8038-1E21257057F0}.Release|x86.Build.0 = Release|Any CPU
		{A558BCE7-7070-4A19-8680-713D0FA687A6}.Debug|Any CPU.ActiveCfg = Debug|Any CPU
		{A558BCE7-7070-4A19-8680-713D0FA687A6}.Debug|Any CPU.Build.0 = Debug|Any CPU
		{A558BCE7-7070-4A19-8680-713D0FA687A6}.Debug|x64.ActiveCfg = Debug|Any CPU
		{A558BCE7-7070-4A19-8680-713D0FA687A6}.Debug|x64.Build.0 = Debug|Any CPU
		{A558BCE7-7070-4A19-8680-713D0FA687A6}.Debug|x86.ActiveCfg = Debug|Any CPU
		{A558BCE7-7070-4A19-8680-713D0FA687A6}.Debug|x86.Build.0 = Debug|Any CPU
		{A558BCE7-7070-4A19-8680-713D0FA687A6}.Release|Any CPU.ActiveCfg = Release|Any CPU
		{A558BCE7-7070-4A19-8680-713D0FA687A6}.Release|Any CPU.Build.0 = Release|Any CPU
		{A558BCE7-7070-4A19-8680-713D0FA687A6}.Release|x64.ActiveCfg = Release|Any CPU
		{A558BCE7-7070-4A19-8680-713D0FA687A6}.Release|x64.Build.0 = Release|Any CPU
		{A558BCE7-7070-4A19-8680-713D0FA687A6}.Release|x86.ActiveCfg = Release|Any CPU
		{A558BCE7-7070-4A19-8680-713D0FA687A6}.Release|x86.Build.0 = Release|Any CPU
		{385E1AEF-EBF8-4288-AC85-89E3938A7C3E}.Debug|Any CPU.ActiveCfg = Debug|Any CPU
		{385E1AEF-EBF8-4288-AC85-89E3938A7C3E}.Debug|Any CPU.Build.0 = Debug|Any CPU
		{385E1AEF-EBF8-4288-AC85-89E3938A7C3E}.Debug|x64.ActiveCfg = Debug|Any CPU
		{385E1AEF-EBF8-4288-AC85-89E3938A7C3E}.Debug|x64.Build.0 = Debug|Any CPU
		{385E1AEF-EBF8-4288-AC85-89E3938A7C3E}.Debug|x86.ActiveCfg = Debug|Any CPU
		{385E1AEF-EBF8-4288-AC85-89E3938A7C3E}.Debug|x86.Build.0 = Debug|Any CPU
		{385E1AEF-EBF8-4288-AC85-89E3938A7C3E}.Release|Any CPU.ActiveCfg = Release|Any CPU
		{385E1AEF-EBF8-4288-AC85-89E3938A7C3E}.Release|Any CPU.Build.0 = Release|Any CPU
		{385E1AEF-EBF8-4288-AC85-89E3938A7C3E}.Release|x64.ActiveCfg = Release|Any CPU
		{385E1AEF-EBF8-4288-AC85-89E3938A7C3E}.Release|x64.Build.0 = Release|Any CPU
		{385E1AEF-EBF8-4288-AC85-89E3938A7C3E}.Release|x86.ActiveCfg = Release|Any CPU
		{385E1AEF-EBF8-4288-AC85-89E3938A7C3E}.Release|x86.Build.0 = Release|Any CPU
		{3AC0E390-A08F-4AEC-9E17-FBA8B450AA21}.Debug|Any CPU.ActiveCfg = Debug|Any CPU
		{3AC0E390-A08F-4AEC-9E17-FBA8B450AA21}.Debug|Any CPU.Build.0 = Debug|Any CPU
		{3AC0E390-A08F-4AEC-9E17-FBA8B450AA21}.Debug|x64.ActiveCfg = Debug|Any CPU
		{3AC0E390-A08F-4AEC-9E17-FBA8B450AA21}.Debug|x64.Build.0 = Debug|Any CPU
		{3AC0E390-A08F-4AEC-9E17-FBA8B450AA21}.Debug|x86.ActiveCfg = Debug|Any CPU
		{3AC0E390-A08F-4AEC-9E17-FBA8B450AA21}.Debug|x86.Build.0 = Debug|Any CPU
		{3AC0E390-A08F-4AEC-9E17-FBA8B450AA21}.Release|Any CPU.ActiveCfg = Release|Any CPU
		{3AC0E390-A08F-4AEC-9E17-FBA8B450AA21}.Release|Any CPU.Build.0 = Release|Any CPU
		{3AC0E390-A08F-4AEC-9E17-FBA8B450AA21}.Release|x64.ActiveCfg = Release|Any CPU
		{3AC0E390-A08F-4AEC-9E17-FBA8B450AA21}.Release|x64.Build.0 = Release|Any CPU
		{3AC0E390-A08F-4AEC-9E17-FBA8B450AA21}.Release|x86.ActiveCfg = Release|Any CPU
		{3AC0E390-A08F-4AEC-9E17-FBA8B450AA21}.Release|x86.Build.0 = Release|Any CPU
		{6145FB14-FB88-4C46-B73F-EDAF3218D3D4}.Debug|Any CPU.ActiveCfg = Debug|Any CPU
		{6145FB14-FB88-4C46-B73F-EDAF3218D3D4}.Debug|Any CPU.Build.0 = Debug|Any CPU
		{6145FB14-FB88-4C46-B73F-EDAF3218D3D4}.Debug|x64.ActiveCfg = Debug|Any CPU
		{6145FB14-FB88-4C46-B73F-EDAF3218D3D4}.Debug|x64.Build.0 = Debug|Any CPU
		{6145FB14-FB88-4C46-B73F-EDAF3218D3D4}.Debug|x86.ActiveCfg = Debug|Any CPU
		{6145FB14-FB88-4C46-B73F-EDAF3218D3D4}.Debug|x86.Build.0 = Debug|Any CPU
		{6145FB14-FB88-4C46-B73F-EDAF3218D3D4}.Release|Any CPU.ActiveCfg = Release|Any CPU
		{6145FB14-FB88-4C46-B73F-EDAF3218D3D4}.Release|Any CPU.Build.0 = Release|Any CPU
		{6145FB14-FB88-4C46-B73F-EDAF3218D3D4}.Release|x64.ActiveCfg = Release|Any CPU
		{6145FB14-FB88-4C46-B73F-EDAF3218D3D4}.Release|x64.Build.0 = Release|Any CPU
		{6145FB14-FB88-4C46-B73F-EDAF3218D3D4}.Release|x86.ActiveCfg = Release|Any CPU
		{6145FB14-FB88-4C46-B73F-EDAF3218D3D4}.Release|x86.Build.0 = Release|Any CPU
		{CA37D894-A263-48AF-AB7A-875FC62ADB67}.Debug|Any CPU.ActiveCfg = Debug|Any CPU
		{CA37D894-A263-48AF-AB7A-875FC62ADB67}.Debug|Any CPU.Build.0 = Debug|Any CPU
		{CA37D894-A263-48AF-AB7A-875FC62ADB67}.Debug|x64.ActiveCfg = Debug|Any CPU
		{CA37D894-A263-48AF-AB7A-875FC62ADB67}.Debug|x64.Build.0 = Debug|Any CPU
		{CA37D894-A263-48AF-AB7A-875FC62ADB67}.Debug|x86.ActiveCfg = Debug|Any CPU
		{CA37D894-A263-48AF-AB7A-875FC62ADB67}.Debug|x86.Build.0 = Debug|Any CPU
		{CA37D894-A263-48AF-AB7A-875FC62ADB67}.Release|Any CPU.ActiveCfg = Release|Any CPU
		{CA37D894-A263-48AF-AB7A-875FC62ADB67}.Release|Any CPU.Build.0 = Release|Any CPU
		{CA37D894-A263-48AF-AB7A-875FC62ADB67}.Release|x64.ActiveCfg = Release|Any CPU
		{CA37D894-A263-48AF-AB7A-875FC62ADB67}.Release|x64.Build.0 = Release|Any CPU
		{CA37D894-A263-48AF-AB7A-875FC62ADB67}.Release|x86.ActiveCfg = Release|Any CPU
		{CA37D894-A263-48AF-AB7A-875FC62ADB67}.Release|x86.Build.0 = Release|Any CPU
		{592DBA53-6ED5-4491-8186-B381F0D12441}.Debug|Any CPU.ActiveCfg = Debug|Any CPU
		{592DBA53-6ED5-4491-8186-B381F0D12441}.Debug|Any CPU.Build.0 = Debug|Any CPU
		{592DBA53-6ED5-4491-8186-B381F0D12441}.Debug|x64.ActiveCfg = Debug|Any CPU
		{592DBA53-6ED5-4491-8186-B381F0D12441}.Debug|x64.Build.0 = Debug|Any CPU
		{592DBA53-6ED5-4491-8186-B381F0D12441}.Debug|x86.ActiveCfg = Debug|Any CPU
		{592DBA53-6ED5-4491-8186-B381F0D12441}.Debug|x86.Build.0 = Debug|Any CPU
		{592DBA53-6ED5-4491-8186-B381F0D12441}.Release|Any CPU.ActiveCfg = Release|Any CPU
		{592DBA53-6ED5-4491-8186-B381F0D12441}.Release|Any CPU.Build.0 = Release|Any CPU
		{592DBA53-6ED5-4491-8186-B381F0D12441}.Release|x64.ActiveCfg = Release|Any CPU
		{592DBA53-6ED5-4491-8186-B381F0D12441}.Release|x64.Build.0 = Release|Any CPU
		{592DBA53-6ED5-4491-8186-B381F0D12441}.Release|x86.ActiveCfg = Release|Any CPU
		{592DBA53-6ED5-4491-8186-B381F0D12441}.Release|x86.Build.0 = Release|Any CPU
		{EB9E6DE4-C963-4A0D-84F8-B7CE271FB4C3}.Debug|Any CPU.ActiveCfg = Debug|Any CPU
		{EB9E6DE4-C963-4A0D-84F8-B7CE271FB4C3}.Debug|Any CPU.Build.0 = Debug|Any CPU
		{EB9E6DE4-C963-4A0D-84F8-B7CE271FB4C3}.Debug|x64.ActiveCfg = Debug|Any CPU
		{EB9E6DE4-C963-4A0D-84F8-B7CE271FB4C3}.Debug|x64.Build.0 = Debug|Any CPU
		{EB9E6DE4-C963-4A0D-84F8-B7CE271FB4C3}.Debug|x86.ActiveCfg = Debug|Any CPU
		{EB9E6DE4-C963-4A0D-84F8-B7CE271FB4C3}.Debug|x86.Build.0 = Debug|Any CPU
		{EB9E6DE4-C963-4A0D-84F8-B7CE271FB4C3}.Release|Any CPU.ActiveCfg = Release|Any CPU
		{EB9E6DE4-C963-4A0D-84F8-B7CE271FB4C3}.Release|Any CPU.Build.0 = Release|Any CPU
		{EB9E6DE4-C963-4A0D-84F8-B7CE271FB4C3}.Release|x64.ActiveCfg = Release|Any CPU
		{EB9E6DE4-C963-4A0D-84F8-B7CE271FB4C3}.Release|x64.Build.0 = Release|Any CPU
		{EB9E6DE4-C963-4A0D-84F8-B7CE271FB4C3}.Release|x86.ActiveCfg = Release|Any CPU
		{EB9E6DE4-C963-4A0D-84F8-B7CE271FB4C3}.Release|x86.Build.0 = Release|Any CPU
		{F551D65B-92CB-40EE-9E03-7103E811459B}.Debug|Any CPU.ActiveCfg = Debug|Any CPU
		{F551D65B-92CB-40EE-9E03-7103E811459B}.Debug|Any CPU.Build.0 = Debug|Any CPU
		{F551D65B-92CB-40EE-9E03-7103E811459B}.Debug|x64.ActiveCfg = Debug|Any CPU
		{F551D65B-92CB-40EE-9E03-7103E811459B}.Debug|x64.Build.0 = Debug|Any CPU
		{F551D65B-92CB-40EE-9E03-7103E811459B}.Debug|x86.ActiveCfg = Debug|Any CPU
		{F551D65B-92CB-40EE-9E03-7103E811459B}.Debug|x86.Build.0 = Debug|Any CPU
		{F551D65B-92CB-40EE-9E03-7103E811459B}.Release|Any CPU.ActiveCfg = Release|Any CPU
		{F551D65B-92CB-40EE-9E03-7103E811459B}.Release|Any CPU.Build.0 = Release|Any CPU
		{F551D65B-92CB-40EE-9E03-7103E811459B}.Release|x64.ActiveCfg = Release|Any CPU
		{F551D65B-92CB-40EE-9E03-7103E811459B}.Release|x64.Build.0 = Release|Any CPU
		{F551D65B-92CB-40EE-9E03-7103E811459B}.Release|x86.ActiveCfg = Release|Any CPU
		{F551D65B-92CB-40EE-9E03-7103E811459B}.Release|x86.Build.0 = Release|Any CPU
		{6C805DD2-4047-4827-AB59-B0A5ED9B017F}.Debug|Any CPU.ActiveCfg = Debug|Any CPU
		{6C805DD2-4047-4827-AB59-B0A5ED9B017F}.Debug|Any CPU.Build.0 = Debug|Any CPU
		{6C805DD2-4047-4827-AB59-B0A5ED9B017F}.Debug|x64.ActiveCfg = Debug|Any CPU
		{6C805DD2-4047-4827-AB59-B0A5ED9B017F}.Debug|x64.Build.0 = Debug|Any CPU
		{6C805DD2-4047-4827-AB59-B0A5ED9B017F}.Debug|x86.ActiveCfg = Debug|Any CPU
		{6C805DD2-4047-4827-AB59-B0A5ED9B017F}.Debug|x86.Build.0 = Debug|Any CPU
		{6C805DD2-4047-4827-AB59-B0A5ED9B017F}.Release|Any CPU.ActiveCfg = Release|Any CPU
		{6C805DD2-4047-4827-AB59-B0A5ED9B017F}.Release|Any CPU.Build.0 = Release|Any CPU
		{6C805DD2-4047-4827-AB59-B0A5ED9B017F}.Release|x64.ActiveCfg = Release|Any CPU
		{6C805DD2-4047-4827-AB59-B0A5ED9B017F}.Release|x64.Build.0 = Release|Any CPU
		{6C805DD2-4047-4827-AB59-B0A5ED9B017F}.Release|x86.ActiveCfg = Release|Any CPU
		{6C805DD2-4047-4827-AB59-B0A5ED9B017F}.Release|x86.Build.0 = Release|Any CPU
		{64D57E49-E29E-46A4-99BB-596C465DDC3A}.Debug|Any CPU.ActiveCfg = Debug|Any CPU
		{64D57E49-E29E-46A4-99BB-596C465DDC3A}.Debug|Any CPU.Build.0 = Debug|Any CPU
		{64D57E49-E29E-46A4-99BB-596C465DDC3A}.Debug|x64.ActiveCfg = Debug|Any CPU
		{64D57E49-E29E-46A4-99BB-596C465DDC3A}.Debug|x64.Build.0 = Debug|Any CPU
		{64D57E49-E29E-46A4-99BB-596C465DDC3A}.Debug|x86.ActiveCfg = Debug|Any CPU
		{64D57E49-E29E-46A4-99BB-596C465DDC3A}.Debug|x86.Build.0 = Debug|Any CPU
		{64D57E49-E29E-46A4-99BB-596C465DDC3A}.Release|Any CPU.ActiveCfg = Release|Any CPU
		{64D57E49-E29E-46A4-99BB-596C465DDC3A}.Release|Any CPU.Build.0 = Release|Any CPU
		{64D57E49-E29E-46A4-99BB-596C465DDC3A}.Release|x64.ActiveCfg = Release|Any CPU
		{64D57E49-E29E-46A4-99BB-596C465DDC3A}.Release|x64.Build.0 = Release|Any CPU
		{64D57E49-E29E-46A4-99BB-596C465DDC3A}.Release|x86.ActiveCfg = Release|Any CPU
		{64D57E49-E29E-46A4-99BB-596C465DDC3A}.Release|x86.Build.0 = Release|Any CPU
		{0B9F1A9B-8C99-4A55-9848-8E5FB8C9C6C6}.Debug|Any CPU.ActiveCfg = Debug|Any CPU
		{0B9F1A9B-8C99-4A55-9848-8E5FB8C9C6C6}.Debug|Any CPU.Build.0 = Debug|Any CPU
		{0B9F1A9B-8C99-4A55-9848-8E5FB8C9C6C6}.Debug|x64.ActiveCfg = Debug|Any CPU
		{0B9F1A9B-8C99-4A55-9848-8E5FB8C9C6C6}.Debug|x64.Build.0 = Debug|Any CPU
		{0B9F1A9B-8C99-4A55-9848-8E5FB8C9C6C6}.Debug|x86.ActiveCfg = Debug|Any CPU
		{0B9F1A9B-8C99-4A55-9848-8E5FB8C9C6C6}.Debug|x86.Build.0 = Debug|Any CPU
		{0B9F1A9B-8C99-4A55-9848-8E5FB8C9C6C6}.Release|Any CPU.ActiveCfg = Release|Any CPU
		{0B9F1A9B-8C99-4A55-9848-8E5FB8C9C6C6}.Release|Any CPU.Build.0 = Release|Any CPU
		{0B9F1A9B-8C99-4A55-9848-8E5FB8C9C6C6}.Release|x64.ActiveCfg = Release|Any CPU
		{0B9F1A9B-8C99-4A55-9848-8E5FB8C9C6C6}.Release|x64.Build.0 = Release|Any CPU
		{0B9F1A9B-8C99-4A55-9848-8E5FB8C9C6C6}.Release|x86.ActiveCfg = Release|Any CPU
		{0B9F1A9B-8C99-4A55-9848-8E5FB8C9C6C6}.Release|x86.Build.0 = Release|Any CPU
		{00ECAFDD-F6F3-474D-B08B-71768D32FA77}.Debug|Any CPU.ActiveCfg = Debug|Any CPU
		{00ECAFDD-F6F3-474D-B08B-71768D32FA77}.Debug|Any CPU.Build.0 = Debug|Any CPU
		{00ECAFDD-F6F3-474D-B08B-71768D32FA77}.Debug|x64.ActiveCfg = Debug|Any CPU
		{00ECAFDD-F6F3-474D-B08B-71768D32FA77}.Debug|x64.Build.0 = Debug|Any CPU
		{00ECAFDD-F6F3-474D-B08B-71768D32FA77}.Debug|x86.ActiveCfg = Debug|Any CPU
		{00ECAFDD-F6F3-474D-B08B-71768D32FA77}.Debug|x86.Build.0 = Debug|Any CPU
		{00ECAFDD-F6F3-474D-B08B-71768D32FA77}.Release|Any CPU.ActiveCfg = Release|Any CPU
		{00ECAFDD-F6F3-474D-B08B-71768D32FA77}.Release|Any CPU.Build.0 = Release|Any CPU
		{00ECAFDD-F6F3-474D-B08B-71768D32FA77}.Release|x64.ActiveCfg = Release|Any CPU
		{00ECAFDD-F6F3-474D-B08B-71768D32FA77}.Release|x64.Build.0 = Release|Any CPU
		{00ECAFDD-F6F3-474D-B08B-71768D32FA77}.Release|x86.ActiveCfg = Release|Any CPU
		{00ECAFDD-F6F3-474D-B08B-71768D32FA77}.Release|x86.Build.0 = Release|Any CPU
		{292AB63F-7058-48CE-BF14-50CA90086D1C}.Debug|Any CPU.ActiveCfg = Debug|Any CPU
		{292AB63F-7058-48CE-BF14-50CA90086D1C}.Debug|Any CPU.Build.0 = Debug|Any CPU
		{292AB63F-7058-48CE-BF14-50CA90086D1C}.Debug|x64.ActiveCfg = Debug|Any CPU
		{292AB63F-7058-48CE-BF14-50CA90086D1C}.Debug|x64.Build.0 = Debug|Any CPU
		{292AB63F-7058-48CE-BF14-50CA90086D1C}.Debug|x86.ActiveCfg = Debug|Any CPU
		{292AB63F-7058-48CE-BF14-50CA90086D1C}.Debug|x86.Build.0 = Debug|Any CPU
		{292AB63F-7058-48CE-BF14-50CA90086D1C}.Release|Any CPU.ActiveCfg = Release|Any CPU
		{292AB63F-7058-48CE-BF14-50CA90086D1C}.Release|Any CPU.Build.0 = Release|Any CPU
		{292AB63F-7058-48CE-BF14-50CA90086D1C}.Release|x64.ActiveCfg = Release|Any CPU
		{292AB63F-7058-48CE-BF14-50CA90086D1C}.Release|x64.Build.0 = Release|Any CPU
		{292AB63F-7058-48CE-BF14-50CA90086D1C}.Release|x86.ActiveCfg = Release|Any CPU
		{292AB63F-7058-48CE-BF14-50CA90086D1C}.Release|x86.Build.0 = Release|Any CPU
		{0805C162-69F5-4403-8845-A9184552FB88}.Debug|Any CPU.ActiveCfg = Debug|Any CPU
		{0805C162-69F5-4403-8845-A9184552FB88}.Debug|Any CPU.Build.0 = Debug|Any CPU
		{0805C162-69F5-4403-8845-A9184552FB88}.Debug|x64.ActiveCfg = Debug|Any CPU
		{0805C162-69F5-4403-8845-A9184552FB88}.Debug|x64.Build.0 = Debug|Any CPU
		{0805C162-69F5-4403-8845-A9184552FB88}.Debug|x86.ActiveCfg = Debug|Any CPU
		{0805C162-69F5-4403-8845-A9184552FB88}.Debug|x86.Build.0 = Debug|Any CPU
		{0805C162-69F5-4403-8845-A9184552FB88}.Release|Any CPU.ActiveCfg = Release|Any CPU
		{0805C162-69F5-4403-8845-A9184552FB88}.Release|Any CPU.Build.0 = Release|Any CPU
		{0805C162-69F5-4403-8845-A9184552FB88}.Release|x64.ActiveCfg = Release|Any CPU
		{0805C162-69F5-4403-8845-A9184552FB88}.Release|x64.Build.0 = Release|Any CPU
		{0805C162-69F5-4403-8845-A9184552FB88}.Release|x86.ActiveCfg = Release|Any CPU
		{0805C162-69F5-4403-8845-A9184552FB88}.Release|x86.Build.0 = Release|Any CPU
		{B89644B8-85BC-423E-85AD-F403F4B9FBB6}.Debug|Any CPU.ActiveCfg = Debug|Any CPU
		{B89644B8-85BC-423E-85AD-F403F4B9FBB6}.Debug|Any CPU.Build.0 = Debug|Any CPU
		{B89644B8-85BC-423E-85AD-F403F4B9FBB6}.Debug|x64.ActiveCfg = Debug|Any CPU
		{B89644B8-85BC-423E-85AD-F403F4B9FBB6}.Debug|x64.Build.0 = Debug|Any CPU
		{B89644B8-85BC-423E-85AD-F403F4B9FBB6}.Debug|x86.ActiveCfg = Debug|Any CPU
		{B89644B8-85BC-423E-85AD-F403F4B9FBB6}.Debug|x86.Build.0 = Debug|Any CPU
		{B89644B8-85BC-423E-85AD-F403F4B9FBB6}.Release|Any CPU.ActiveCfg = Release|Any CPU
		{B89644B8-85BC-423E-85AD-F403F4B9FBB6}.Release|Any CPU.Build.0 = Release|Any CPU
		{B89644B8-85BC-423E-85AD-F403F4B9FBB6}.Release|x64.ActiveCfg = Release|Any CPU
		{B89644B8-85BC-423E-85AD-F403F4B9FBB6}.Release|x64.Build.0 = Release|Any CPU
		{B89644B8-85BC-423E-85AD-F403F4B9FBB6}.Release|x86.ActiveCfg = Release|Any CPU
		{B89644B8-85BC-423E-85AD-F403F4B9FBB6}.Release|x86.Build.0 = Release|Any CPU
		{0ECD20DE-62BE-4F47-9AB6-81664C1545C7}.Debug|Any CPU.ActiveCfg = Debug|Any CPU
		{0ECD20DE-62BE-4F47-9AB6-81664C1545C7}.Debug|Any CPU.Build.0 = Debug|Any CPU
		{0ECD20DE-62BE-4F47-9AB6-81664C1545C7}.Debug|x64.ActiveCfg = Debug|Any CPU
		{0ECD20DE-62BE-4F47-9AB6-81664C1545C7}.Debug|x64.Build.0 = Debug|Any CPU
		{0ECD20DE-62BE-4F47-9AB6-81664C1545C7}.Debug|x86.ActiveCfg = Debug|Any CPU
		{0ECD20DE-62BE-4F47-9AB6-81664C1545C7}.Debug|x86.Build.0 = Debug|Any CPU
		{0ECD20DE-62BE-4F47-9AB6-81664C1545C7}.Release|Any CPU.ActiveCfg = Release|Any CPU
		{0ECD20DE-62BE-4F47-9AB6-81664C1545C7}.Release|Any CPU.Build.0 = Release|Any CPU
		{0ECD20DE-62BE-4F47-9AB6-81664C1545C7}.Release|x64.ActiveCfg = Release|Any CPU
		{0ECD20DE-62BE-4F47-9AB6-81664C1545C7}.Release|x64.Build.0 = Release|Any CPU
		{0ECD20DE-62BE-4F47-9AB6-81664C1545C7}.Release|x86.ActiveCfg = Release|Any CPU
		{0ECD20DE-62BE-4F47-9AB6-81664C1545C7}.Release|x86.Build.0 = Release|Any CPU
		{B30C42C7-0570-48BA-B764-08AC764F1B9B}.Debug|Any CPU.ActiveCfg = Debug|Any CPU
		{B30C42C7-0570-48BA-B764-08AC764F1B9B}.Debug|Any CPU.Build.0 = Debug|Any CPU
		{B30C42C7-0570-48BA-B764-08AC764F1B9B}.Debug|x64.ActiveCfg = Debug|Any CPU
		{B30C42C7-0570-48BA-B764-08AC764F1B9B}.Debug|x64.Build.0 = Debug|Any CPU
		{B30C42C7-0570-48BA-B764-08AC764F1B9B}.Debug|x86.ActiveCfg = Debug|Any CPU
		{B30C42C7-0570-48BA-B764-08AC764F1B9B}.Debug|x86.Build.0 = Debug|Any CPU
		{B30C42C7-0570-48BA-B764-08AC764F1B9B}.Release|Any CPU.ActiveCfg = Release|Any CPU
		{B30C42C7-0570-48BA-B764-08AC764F1B9B}.Release|Any CPU.Build.0 = Release|Any CPU
		{B30C42C7-0570-48BA-B764-08AC764F1B9B}.Release|x64.ActiveCfg = Release|Any CPU
		{B30C42C7-0570-48BA-B764-08AC764F1B9B}.Release|x64.Build.0 = Release|Any CPU
		{B30C42C7-0570-48BA-B764-08AC764F1B9B}.Release|x86.ActiveCfg = Release|Any CPU
		{B30C42C7-0570-48BA-B764-08AC764F1B9B}.Release|x86.Build.0 = Release|Any CPU
		{167ABD95-CBB8-488A-97DD-328BE6BA91F5}.Debug|Any CPU.ActiveCfg = Debug|Any CPU
		{167ABD95-CBB8-488A-97DD-328BE6BA91F5}.Debug|Any CPU.Build.0 = Debug|Any CPU
		{167ABD95-CBB8-488A-97DD-328BE6BA91F5}.Debug|x64.ActiveCfg = Debug|Any CPU
		{167ABD95-CBB8-488A-97DD-328BE6BA91F5}.Debug|x64.Build.0 = Debug|Any CPU
		{167ABD95-CBB8-488A-97DD-328BE6BA91F5}.Debug|x86.ActiveCfg = Debug|Any CPU
		{167ABD95-CBB8-488A-97DD-328BE6BA91F5}.Debug|x86.Build.0 = Debug|Any CPU
		{167ABD95-CBB8-488A-97DD-328BE6BA91F5}.Release|Any CPU.ActiveCfg = Release|Any CPU
		{167ABD95-CBB8-488A-97DD-328BE6BA91F5}.Release|Any CPU.Build.0 = Release|Any CPU
		{B2C3D4E5-F6A7-8901-BCDE-F23456789012}.Debug|Any CPU.ActiveCfg = Debug|Any CPU
		{B2C3D4E5-F6A7-8901-BCDE-F23456789012}.Debug|Any CPU.Build.0 = Debug|Any CPU
		{B2C3D4E5-F6A7-8901-BCDE-F23456789012}.Release|Any CPU.ActiveCfg = Release|Any CPU
		{B2C3D4E5-F6A7-8901-BCDE-F23456789012}.Release|Any CPU.Build.0 = Release|Any CPU
		{C3D4E5F6-A7B8-9012-CDEF-345678901234}.Debug|Any CPU.ActiveCfg = Debug|Any CPU
		{C3D4E5F6-A7B8-9012-CDEF-345678901234}.Debug|Any CPU.Build.0 = Debug|Any CPU
		{C3D4E5F6-A7B8-9012-CDEF-345678901234}.Release|Any CPU.ActiveCfg = Release|Any CPU
		{C3D4E5F6-A7B8-9012-CDEF-345678901234}.Release|Any CPU.Build.0 = Release|Any CPU
		{D4E5F6A7-B8C9-0123-DEF0-456789012345}.Debug|Any CPU.ActiveCfg = Debug|Any CPU
		{D4E5F6A7-B8C9-0123-DEF0-456789012345}.Debug|Any CPU.Build.0 = Debug|Any CPU
		{D4E5F6A7-B8C9-0123-DEF0-456789012345}.Release|Any CPU.ActiveCfg = Release|Any CPU
		{D4E5F6A7-B8C9-0123-DEF0-456789012345}.Release|Any CPU.Build.0 = Release|Any CPU
		{E5F6A7B8-C9D0-1234-EF01-567890123456}.Debug|Any CPU.ActiveCfg = Debug|Any CPU
		{E5F6A7B8-C9D0-1234-EF01-567890123456}.Debug|Any CPU.Build.0 = Debug|Any CPU
		{E5F6A7B8-C9D0-1234-EF01-567890123456}.Release|Any CPU.ActiveCfg = Release|Any CPU
		{E5F6A7B8-C9D0-1234-EF01-567890123456}.Release|Any CPU.Build.0 = Release|Any CPU
		{167ABD95-CBB8-488A-97DD-328BE6BA91F5}.Release|x64.ActiveCfg = Release|Any CPU
		{167ABD95-CBB8-488A-97DD-328BE6BA91F5}.Release|x64.Build.0 = Release|Any CPU
		{167ABD95-CBB8-488A-97DD-328BE6BA91F5}.Release|x86.ActiveCfg = Release|Any CPU
		{167ABD95-CBB8-488A-97DD-328BE6BA91F5}.Release|x86.Build.0 = Release|Any CPU
	EndGlobalSection
	GlobalSection(SolutionProperties) = preSolution
		HideSolutionNode = FALSE
	EndGlobalSection
	GlobalSection(NestedProjects) = preSolution
		{6996BBF7-DB31-59BC-C7DD-9A7CCC6138C4} = {827E0CD3-B72D-47B6-A68D-7590B98EB39B}
		{C5C30613-905E-4965-8038-1E21257057F0} = {6996BBF7-DB31-59BC-C7DD-9A7CCC6138C4}
		{A558BCE7-7070-4A19-8680-713D0FA687A6} = {6996BBF7-DB31-59BC-C7DD-9A7CCC6138C4}
		{9048EB7F-3875-A59E-E36B-5BD4C6F2A282} = {827E0CD3-B72D-47B6-A68D-7590B98EB39B}
		{385E1AEF-EBF8-4288-AC85-89E3938A7C3E} = {9048EB7F-3875-A59E-E36B-5BD4C6F2A282}
		{3AC0E390-A08F-4AEC-9E17-FBA8B450AA21} = {9048EB7F-3875-A59E-E36B-5BD4C6F2A282}
		{22BAF98C-8415-17C4-B26A-D537657BC863} = {827E0CD3-B72D-47B6-A68D-7590B98EB39B}
		{CCC32B53-56B0-D0E8-BEB1-6CFD9EF174C7} = {22BAF98C-8415-17C4-B26A-D537657BC863}
		{6145FB14-FB88-4C46-B73F-EDAF3218D3D4} = {CCC32B53-56B0-D0E8-BEB1-6CFD9EF174C7}
		{CA37D894-A263-48AF-AB7A-875FC62ADB67} = {CCC32B53-56B0-D0E8-BEB1-6CFD9EF174C7}
		{592DBA53-6ED5-4491-8186-B381F0D12441} = {CCC32B53-56B0-D0E8-BEB1-6CFD9EF174C7}
		{65B40B3A-E70C-D0B5-9CB0-DC7A114C2068} = {22BAF98C-8415-17C4-B26A-D537657BC863}
		{EB9E6DE4-C963-4A0D-84F8-B7CE271FB4C3} = {65B40B3A-E70C-D0B5-9CB0-DC7A114C2068}
		{F551D65B-92CB-40EE-9E03-7103E811459B} = {65B40B3A-E70C-D0B5-9CB0-DC7A114C2068}
		{6C805DD2-4047-4827-AB59-B0A5ED9B017F} = {65B40B3A-E70C-D0B5-9CB0-DC7A114C2068}
		{24F8E7B8-05E5-7911-3317-A2251ECA665B} = {22BAF98C-8415-17C4-B26A-D537657BC863}
		{64D57E49-E29E-46A4-99BB-596C465DDC3A} = {24F8E7B8-05E5-7911-3317-A2251ECA665B}
		{0B9F1A9B-8C99-4A55-9848-8E5FB8C9C6C6} = {24F8E7B8-05E5-7911-3317-A2251ECA665B}
		{00ECAFDD-F6F3-474D-B08B-71768D32FA77} = {24F8E7B8-05E5-7911-3317-A2251ECA665B}
		{D3536261-0C3C-90BF-C85D-A81C1724CE3A} = {22BAF98C-8415-17C4-B26A-D537657BC863}
		{292AB63F-7058-48CE-BF14-50CA90086D1C} = {D3536261-0C3C-90BF-C85D-A81C1724CE3A}
		{0805C162-69F5-4403-8845-A9184552FB88} = {D3536261-0C3C-90BF-C85D-A81C1724CE3A}
		{B89644B8-85BC-423E-85AD-F403F4B9FBB6} = {D3536261-0C3C-90BF-C85D-A81C1724CE3A}
		{B67E83B4-B4F5-EFEF-6F8D-03B1A78592C5} = {22BAF98C-8415-17C4-B26A-D537657BC863}
		{0ECD20DE-62BE-4F47-9AB6-81664C1545C7} = {B67E83B4-B4F5-EFEF-6F8D-03B1A78592C5}
		{B30C42C7-0570-48BA-B764-08AC764F1B9B} = {B67E83B4-B4F5-EFEF-6F8D-03B1A78592C5}
		{167ABD95-CBB8-488A-97DD-328BE6BA91F5} = {B67E83B4-B4F5-EFEF-6F8D-03B1A78592C5}
		{A1B2C3D4-E5F6-7890-ABCD-EF1234567890} = {22BAF98C-8415-17C4-B26A-D537657BC863}
		{B2C3D4E5-F6A7-8901-BCDE-F23456789012} = {A1B2C3D4-E5F6-7890-ABCD-EF1234567890}
		{C3D4E5F6-A7B8-9012-CDEF-345678901234} = {A1B2C3D4-E5F6-7890-ABCD-EF1234567890}
		{D4E5F6A7-B8C9-0123-DEF0-456789012345} = {A1B2C3D4-E5F6-7890-ABCD-EF1234567890}
		{E5F6A7B8-C9D0-1234-EF01-567890123456} = {A1B2C3D4-E5F6-7890-ABCD-EF1234567890}
	EndGlobalSection
	GlobalSection(ExtensibilityGlobals) = postSolution
		SolutionGuid = {8FDB425E-25B0-4711-8276-68E8770AD15F}
	EndGlobalSection
EndGlobal
